<?xml version="1.0" encoding="utf-8"?>
<Project ToolsVersion="4.0" xmlns="http://schemas.microsoft.com/developer/msbuild/2003">
  <ItemGroup>
    <Filter Include="Source Files">
      <UniqueIdentifier>{4FC737F1-C7A5-4376-A066-2A32D752A2FF}</UniqueIdentifier>
      <Extensions>cpp;c;cc;cxx;def;odl;idl;hpj;bat;asm;asmx</Extensions>
    </Filter>
    <Filter Include="Header Files">
      <UniqueIdentifier>{93995380-89BD-4b04-88EB-625FBE52EBFB}</UniqueIdentifier>
      <Extensions>h;hh;hpp;hxx;hm;inl;inc;ipp;xsd</Extensions>
    </Filter>
    <Filter Include="Resource Files">
      <UniqueIdentifier>{67DA6AB6-F800-4c08-8B7A-83BB121AAD01}</UniqueIdentifier>
      <Extensions>rc;ico;cur;bmp;dlg;rc2;rct;bin;rgs;gif;jpg;jpeg;jpe;resx;tiff;tif;png;wav;mfcribbon-ms</Extensions>
    </Filter>
  </ItemGroup>
  <ItemGroup>
    <ClCompile Include="src\Main.cpp">
      <Filter>Source Files</Filter>
    </ClCompile>
    <ClCompile Include="src\scene.cpp">
      <Filter>Source Files</Filter>
    </ClCompile>
    <ClCompile Include="src\scene_manager.cpp">
      <Filter>Source Files</Filter>
    </ClCompile>
    <ClCompile Include="src\glad.c">
      <Filter>Source Files</Filter>
    </ClCompile>
    <ClCompile Include="src\depth_buffer.cpp">
      <Filter>Source Files</Filter>
    </ClCompile>
    <ClCompile Include="src\scene_minecraft.cpp">
      <Filter>Source Files</Filter>
    </ClCompile>
    <ClCompile Include="src\body.cpp">
      <Filter>Source Files</Filter>
    </ClCompile>
  </ItemGroup>
  <ItemGroup>
    <ClInclude Include="include\scene_manager.h">
      <Filter>Header Files</Filter>
    </ClInclude>
    <ClInclude Include="include\scene.h">
      <Filter>Header Files</Filter>
    </ClInclude>
    <ClInclude Include="include\perlin_noise.h">
      <Filter>Header Files</Filter>
    </ClInclude>
    <ClInclude Include="include\depth_buffer.h">
      <Filter>Header Files</Filter>
    </ClInclude>
    <ClInclude Include="include\scene_minecraft.h">
      <Filter>Header Files</Filter>
    </ClInclude>
    <ClInclude Include="include\body.h">
      <Filter>Header Files</Filter>
    </ClInclude>
  </ItemGroup>
  <ItemGroup>
    <None Include="shaders\cube_texture.frag" />
    <None Include="shaders\cube_texture.vert" />
    <None Include="shaders\cube_shading.vert" />
    <None Include="shaders\cube_shading.frag" />
    <None Include="shaders\lambertian.frag" />
    <None Include="shaders\depth.vert" />
    <None Include="shaders\depth.frag" />
    <None Include="shaders\shadow.vert" />
    <None Include="shaders\shadow.frag" />
    <None Include="shaders\test.vert" />
    <None Include="shaders\test.frag" />
  </ItemGroup>
</Project>